
Microsoft Visual Studio Solution File, Format Version 11.00
# Visual Studio 2010
Project("{FAE04EC0-301F-11D3-BF4B-00C04F79EFBC}") = "CSharp2.Capitulo02.Clientes", "CSharp2.Capitulo02.Clientes\CSharp2.Capitulo02.Clientes.csproj", "{F51C248C-09F8-429E-AA44-13EA0D6D209A}"
EndProject
Project("{FAE04EC0-301F-11D3-BF4B-00C04F79EFBC}") = "Impacta.Infra.Apoio", "..\..\..\Aulas\CSharp\Impacta\ImpactaCSharp1\Roteiro\ImpactaCSharp1\Impacta.Infra.Apoio\Impacta.Infra.Apoio.csproj", "{FD6F45C4-9958-4EDE-A068-BE52DBDC1DB8}"
EndProject
Project("{FAE04EC0-301F-11D3-BF4B-00C04F79EFBC}") = "Impacta.Infra.Repositorios.SqlServer.Procedures", "Impacta.Infra.Repositorios.SqlServer\Impacta.Infra.Repositorios.SqlServer.Procedures.csproj", "{B7DECE22-0584-477A-8BD5-5324C2CE1DD8}"
EndProject
Project("{FAE04EC0-301F-11D3-BF4B-00C04F79EFBC}") = "Impacta.Dominio", "Impacta.Dominio\Impacta.Dominio.csproj", "{CA5C0D85-79CC-47CA-9D34-3C7722D983EF}"
EndProject
Project("{C8D11400-126E-41CD-887F-60BD40844F9E}") = "Oficina.Database", "Oficina.Database\Oficina.Database.dbproj", "{67CBC824-A49E-4E9B-A947-360F3DFE65C3}"
EndProject
Project("{C8D11400-126E-41CD-887F-60BD40844F9E}") = "Oficina.Server.Database", "Oficina.Server.Database\Oficina.Server.Database.dbproj", "{9D46045A-4EB2-4695-BAC3-463AE4C17B88}"
EndProject
Project("{FAE04EC0-301F-11D3-BF4B-00C04F79EFBC}") = "Impacta.Infra.Repositorios.SqlServer.Ef.Designer", "Impacta.Infra.Repositorios.SqlServer.Ef\Impacta.Infra.Repositorios.SqlServer.Ef.Designer.csproj", "{1882C840-38B9-47D9-9330-7AA4414FB02A}"
EndProject
Project("{2150E333-8FDC-42A3-9474-1A3956D46DE8}") = "Testes", "Testes", "{2882447B-037B-4C48-B78B-0B668AB67922}"
EndProject
Project("{FAE04EC0-301F-11D3-BF4B-00C04F79EFBC}") = "Repositorios.SqlServer.Ef.Designer.Testes", "Repositorios.SqlServer.Ef.Designer.Testes\Repositorios.SqlServer.Ef.Designer.Testes.csproj", "{8E6ED25B-7A28-4634-9112-84B38902D3CB}"
EndProject
Project("{2150E333-8FDC-42A3-9474-1A3956D46DE8}") = "Solution Items", "Solution Items", "{ACABDD54-D05E-4A96-A1D9-DFCAFCE97061}"
	ProjectSection(SolutionItems) = preProject
		ImpactaCSharp2.vsmdi = ImpactaCSharp2.vsmdi
		Local.testsettings = Local.testsettings
		TraceAndTestImpact.testsettings = TraceAndTestImpact.testsettings
	EndProjectSection
EndProject
Project("{FAE04EC0-301F-11D3-BF4B-00C04F79EFBC}") = "CSharp2.Capitulo03.Oficina", "CSharp2.Capitulo03.Oficina\CSharp2.Capitulo03.Oficina.csproj", "{75C78DE8-0B63-44E2-BA29-282A936B8B86}"
EndProject
Project("{FAE04EC0-301F-11D3-BF4B-00C04F79EFBC}") = "Impacta.Apoio.WindowsForms.Controles", "Impacta.WindowsForms.UserControls\Impacta.Apoio.WindowsForms.Controles.csproj", "{939BA8B9-62E2-439D-863A-BC4D7D4A119D}"
EndProject
Project("{FAE04EC0-301F-11D3-BF4B-00C04F79EFBC}") = "Impacta.Dominio.Testes", "Impacta.Dominio.Testes\Impacta.Dominio.Testes.csproj", "{9F72F9CF-9618-4534-BD28-96722BD9993C}"
EndProject
Global
	GlobalSection(TeamFoundationVersionControl) = preSolution
		SccNumberOfProjects = 12
		SccEnterpriseProvider = {4CA58AB2-18FA-4F8D-95D4-32DDF27D184C}
		SccTeamFoundationServer = https://tfs.codeplex.com/tfs/tfs24
		SccLocalPath0 = .
		SccProjectUniqueName1 = CSharp2.Capitulo02.Clientes\\CSharp2.Capitulo02.Clientes.csproj
		SccProjectName1 = CSharp2.Capitulo02.Clientes
		SccLocalPath1 = CSharp2.Capitulo02.Clientes
		SccProjectUniqueName2 = ..\\..\\..\\Aulas\\CSharp\\Impacta\\ImpactaCSharp1\\Roteiro\\ImpactaCSharp1\\Impacta.Infra.Apoio\\Impacta.Infra.Apoio.csproj
		SccProjectName2 = ../../../ImpactaCSharp1/Roteiro/ImpactaCSharp1/Impacta.Infra.Apoio
		SccLocalPath2 = ..\\..\\..\\Aulas\\CSharp\\Impacta\\ImpactaCSharp1\\Roteiro\\ImpactaCSharp1\\Impacta.Infra.Apoio
		SccProjectUniqueName3 = Impacta.Dominio\\Impacta.Dominio.csproj
		SccProjectName3 = Impacta.Dominio
		SccLocalPath3 = Impacta.Dominio
		SccProjectUniqueName4 = Oficina.Database\\Oficina.Database.dbproj
		SccProjectName4 = Oficina.Database
		SccLocalPath4 = Oficina.Database
		SccProjectUniqueName5 = Oficina.Server.Database\\Oficina.Server.Database.dbproj
		SccProjectName5 = Oficina.Server.Database
		SccLocalPath5 = Oficina.Server.Database
		SccProjectUniqueName6 = Impacta.Infra.Repositorios.SqlServer\\Impacta.Infra.Repositorios.SqlServer.Procedures.csproj
		SccProjectName6 = Impacta.Infra.Repositorios.SqlServer
		SccLocalPath6 = Impacta.Infra.Repositorios.SqlServer
		SccProjectUniqueName7 = Impacta.Infra.Repositorios.SqlServer.Ef\\Impacta.Infra.Repositorios.SqlServer.Ef.Designer.csproj
		SccProjectName7 = Impacta.Infra.Repositorios.SqlServer.Ef
		SccLocalPath7 = Impacta.Infra.Repositorios.SqlServer.Ef
		SccProjectUniqueName8 = Repositorios.SqlServer.Ef.Designer.Testes\\Repositorios.SqlServer.Ef.Designer.Testes.csproj
		SccProjectTopLevelParentUniqueName8 = ImpactaCSharp2.sln
		SccProjectName8 = Repositorios.SqlServer.Ef.Designer.Testes
		SccLocalPath8 = Repositorios.SqlServer.Ef.Designer.Testes
		SccProjectUniqueName9 = CSharp2.Capitulo03.Oficina\\CSharp2.Capitulo03.Oficina.csproj
		SccProjectName9 = CSharp2.Capitulo03.Oficina
		SccLocalPath9 = CSharp2.Capitulo03.Oficina
		SccProjectUniqueName10 = Impacta.WindowsForms.UserControls\\Impacta.Apoio.WindowsForms.Controles.csproj
		SccProjectName10 = Impacta.WindowsForms.UserControls
		SccLocalPath10 = Impacta.WindowsForms.UserControls
		SccProjectUniqueName11 = Impacta.Dominio.Testes\\Impacta.Dominio.Testes.csproj
		SccProjectName11 = Impacta.Dominio.Testes
		SccLocalPath11 = Impacta.Dominio.Testes
	EndGlobalSection
	GlobalSection(TestCaseManagementSettings) = postSolution
		CategoryFile = ImpactaCSharp2.vsmdi
	EndGlobalSection
	GlobalSection(SolutionConfigurationPlatforms) = preSolution
		Debug|Any CPU = Debug|Any CPU
		Debug|Mixed Platforms = Debug|Mixed Platforms
		Debug|x86 = Debug|x86
		Release|Any CPU = Release|Any CPU
		Release|Mixed Platforms = Release|Mixed Platforms
		Release|x86 = Release|x86
	EndGlobalSection
	GlobalSection(ProjectConfigurationPlatforms) = postSolution
		{F51C248C-09F8-429E-AA44-13EA0D6D209A}.Debug|Any CPU.ActiveCfg = Debug|x86
		{F51C248C-09F8-429E-AA44-13EA0D6D209A}.Debug|Mixed Platforms.ActiveCfg = Debug|x86
		{F51C248C-09F8-429E-AA44-13EA0D6D209A}.Debug|Mixed Platforms.Build.0 = Debug|x86
		{F51C248C-09F8-429E-AA44-13EA0D6D209A}.Debug|x86.ActiveCfg = Debug|x86
		{F51C248C-09F8-429E-AA44-13EA0D6D209A}.Debug|x86.Build.0 = Debug|x86
		{F51C248C-09F8-429E-AA44-13EA0D6D209A}.Release|Any CPU.ActiveCfg = Release|x86
		{F51C248C-09F8-429E-AA44-13EA0D6D209A}.Release|Mixed Platforms.ActiveCfg = Release|x86
		{F51C248C-09F8-429E-AA44-13EA0D6D209A}.Release|Mixed Platforms.Build.0 = Release|x86
		{F51C248C-09F8-429E-AA44-13EA0D6D209A}.Release|x86.ActiveCfg = Release|x86
		{F51C248C-09F8-429E-AA44-13EA0D6D209A}.Release|x86.Build.0 = Release|x86
		{FD6F45C4-9958-4EDE-A068-BE52DBDC1DB8}.Debug|Any CPU.ActiveCfg = Debug|Any CPU
		{FD6F45C4-9958-4EDE-A068-BE52DBDC1DB8}.Debug|Any CPU.Build.0 = Debug|Any CPU
		{FD6F45C4-9958-4EDE-A068-BE52DBDC1DB8}.Debug|Mixed Platforms.ActiveCfg = Debug|Any CPU
		{FD6F45C4-9958-4EDE-A068-BE52DBDC1DB8}.Debug|Mixed Platforms.Build.0 = Debug|Any CPU
		{FD6F45C4-9958-4EDE-A068-BE52DBDC1DB8}.Debug|x86.ActiveCfg = Debug|Any CPU
		{FD6F45C4-9958-4EDE-A068-BE52DBDC1DB8}.Release|Any CPU.ActiveCfg = Release|Any CPU
		{FD6F45C4-9958-4EDE-A068-BE52DBDC1DB8}.Release|Any CPU.Build.0 = Release|Any CPU
		{FD6F45C4-9958-4EDE-A068-BE52DBDC1DB8}.Release|Mixed Platforms.ActiveCfg = Release|Any CPU
		{FD6F45C4-9958-4EDE-A068-BE52DBDC1DB8}.Release|Mixed Platforms.Build.0 = Release|Any CPU
		{FD6F45C4-9958-4EDE-A068-BE52DBDC1DB8}.Release|x86.ActiveCfg = Release|Any CPU
		{B7DECE22-0584-477A-8BD5-5324C2CE1DD8}.Debug|Any CPU.ActiveCfg = Debug|Any CPU
		{B7DECE22-0584-477A-8BD5-5324C2CE1DD8}.Debug|Any CPU.Build.0 = Debug|Any CPU
		{B7DECE22-0584-477A-8BD5-5324C2CE1DD8}.Debug|Mixed Platforms.ActiveCfg = Debug|Any CPU
		{B7DECE22-0584-477A-8BD5-5324C2CE1DD8}.Debug|Mixed Platforms.Build.0 = Debug|Any CPU
		{B7DECE22-0584-477A-8BD5-5324C2CE1DD8}.Debug|x86.ActiveCfg = Debug|Any CPU
		{B7DECE22-0584-477A-8BD5-5324C2CE1DD8}.Release|Any CPU.ActiveCfg = Release|Any CPU
		{B7DECE22-0584-477A-8BD5-5324C2CE1DD8}.Release|Any CPU.Build.0 = Release|Any CPU
		{B7DECE22-0584-477A-8BD5-5324C2CE1DD8}.Release|Mixed Platforms.ActiveCfg = Release|Any CPU
		{B7DECE22-0584-477A-8BD5-5324C2CE1DD8}.Release|Mixed Platforms.Build.0 = Release|Any CPU
		{B7DECE22-0584-477A-8BD5-5324C2CE1DD8}.Release|x86.ActiveCfg = Release|Any CPU
		{CA5C0D85-79CC-47CA-9D34-3C7722D983EF}.Debug|Any CPU.ActiveCfg = Debug|Any CPU
		{CA5C0D85-79CC-47CA-9D34-3C7722D983EF}.Debug|Any CPU.Build.0 = Debug|Any CPU
		{CA5C0D85-79CC-47CA-9D34-3C7722D983EF}.Debug|Mixed Platforms.ActiveCfg = Debug|Any CPU
		{CA5C0D85-79CC-47CA-9D34-3C7722D983EF}.Debug|Mixed Platforms.Build.0 = Debug|Any CPU
		{CA5C0D85-79CC-47CA-9D34-3C7722D983EF}.Debug|x86.ActiveCfg = Debug|Any CPU
		{CA5C0D85-79CC-47CA-9D34-3C7722D983EF}.Release|Any CPU.ActiveCfg = Release|Any CPU
		{CA5C0D85-79CC-47CA-9D34-3C7722D983EF}.Release|Any CPU.Build.0 = Release|Any CPU
		{CA5C0D85-79CC-47CA-9D34-3C7722D983EF}.Release|Mixed Platforms.ActiveCfg = Release|Any CPU
		{CA5C0D85-79CC-47CA-9D34-3C7722D983EF}.Release|Mixed Platforms.Build.0 = Release|Any CPU
		{CA5C0D85-79CC-47CA-9D34-3C7722D983EF}.Release|x86.ActiveCfg = Release|Any CPU
		{67CBC824-A49E-4E9B-A947-360F3DFE65C3}.Debug|Any CPU.ActiveCfg = Debug|Any CPU
		{67CBC824-A49E-4E9B-A947-360F3DFE65C3}.Debug|Any CPU.Build.0 = Debug|Any CPU
		{67CBC824-A49E-4E9B-A947-360F3DFE65C3}.Debug|Any CPU.Deploy.0 = Debug|Any CPU
		{67CBC824-A49E-4E9B-A947-360F3DFE65C3}.Debug|Mixed Platforms.ActiveCfg = Debug|Any CPU
		{67CBC824-A49E-4E9B-A947-360F3DFE65C3}.Debug|Mixed Platforms.Build.0 = Debug|Any CPU
		{67CBC824-A49E-4E9B-A947-360F3DFE65C3}.Debug|x86.ActiveCfg = Debug|Any CPU
		{67CBC824-A49E-4E9B-A947-360F3DFE65C3}.Release|Any CPU.ActiveCfg = Release|Any CPU
		{67CBC824-A49E-4E9B-A947-360F3DFE65C3}.Release|Any CPU.Build.0 = Release|Any CPU
		{67CBC824-A49E-4E9B-A947-360F3DFE65C3}.Release|Any CPU.Deploy.0 = Release|Any CPU
		{67CBC824-A49E-4E9B-A947-360F3DFE65C3}.Release|Mixed Platforms.ActiveCfg = Release|Any CPU
		{67CBC824-A49E-4E9B-A947-360F3DFE65C3}.Release|Mixed Platforms.Build.0 = Release|Any CPU
		{67CBC824-A49E-4E9B-A947-360F3DFE65C3}.Release|Mixed Platforms.Deploy.0 = Release|Any CPU
		{67CBC824-A49E-4E9B-A947-360F3DFE65C3}.Release|x86.ActiveCfg = Release|Any CPU
		{9D46045A-4EB2-4695-BAC3-463AE4C17B88}.Debug|Any CPU.ActiveCfg = Debug|Any CPU
		{9D46045A-4EB2-4695-BAC3-463AE4C17B88}.Debug|Any CPU.Build.0 = Debug|Any CPU
		{9D46045A-4EB2-4695-BAC3-463AE4C17B88}.Debug|Any CPU.Deploy.0 = Debug|Any CPU
		{9D46045A-4EB2-4695-BAC3-463AE4C17B88}.Debug|Mixed Platforms.ActiveCfg = Debug|Any CPU
		{9D46045A-4EB2-4695-BAC3-463AE4C17B88}.Debug|Mixed Platforms.Build.0 = Debug|Any CPU
		{9D46045A-4EB2-4695-BAC3-463AE4C17B88}.Debug|x86.ActiveCfg = Debug|Any CPU
		{9D46045A-4EB2-4695-BAC3-463AE4C17B88}.Release|Any CPU.ActiveCfg = Release|Any CPU
		{9D46045A-4EB2-4695-BAC3-463AE4C17B88}.Release|Any CPU.Build.0 = Release|Any CPU
		{9D46045A-4EB2-4695-BAC3-463AE4C17B88}.Release|Any CPU.Deploy.0 = Release|Any CPU
		{9D46045A-4EB2-4695-BAC3-463AE4C17B88}.Release|Mixed Platforms.ActiveCfg = Release|Any CPU
		{9D46045A-4EB2-4695-BAC3-463AE4C17B88}.Release|Mixed Platforms.Build.0 = Release|Any CPU
		{9D46045A-4EB2-4695-BAC3-463AE4C17B88}.Release|Mixed Platforms.Deploy.0 = Release|Any CPU
		{9D46045A-4EB2-4695-BAC3-463AE4C17B88}.Release|x86.ActiveCfg = Release|Any CPU
		{1882C840-38B9-47D9-9330-7AA4414FB02A}.Debug|Any CPU.ActiveCfg = Debug|Any CPU
		{1882C840-38B9-47D9-9330-7AA4414FB02A}.Debug|Any CPU.Build.0 = Debug|Any CPU
		{1882C840-38B9-47D9-9330-7AA4414FB02A}.Debug|Mixed Platforms.ActiveCfg = Debug|Any CPU
		{1882C840-38B9-47D9-9330-7AA4414FB02A}.Debug|Mixed Platforms.Build.0 = Debug|Any CPU
		{1882C840-38B9-47D9-9330-7AA4414FB02A}.Debug|x86.ActiveCfg = Debug|Any CPU
		{1882C840-38B9-47D9-9330-7AA4414FB02A}.Release|Any CPU.ActiveCfg = Release|Any CPU
		{1882C840-38B9-47D9-9330-7AA4414FB02A}.Release|Any CPU.Build.0 = Release|Any CPU
		{1882C840-38B9-47D9-9330-7AA4414FB02A}.Release|Mixed Platforms.ActiveCfg = Release|Any CPU
		{1882C840-38B9-47D9-9330-7AA4414FB02A}.Release|Mixed Platforms.Build.0 = Release|Any CPU
		{1882C840-38B9-47D9-9330-7AA4414FB02A}.Release|x86.ActiveCfg = Release|Any CPU
		{8E6ED25B-7A28-4634-9112-84B38902D3CB}.Debug|Any CPU.ActiveCfg = Debug|Any CPU
		{8E6ED25B-7A28-4634-9112-84B38902D3CB}.Debug|Any CPU.Build.0 = Debug|Any CPU
		{8E6ED25B-7A28-4634-9112-84B38902D3CB}.Debug|Mixed Platforms.ActiveCfg = Debug|Any CPU
		{8E6ED25B-7A28-4634-9112-84B38902D3CB}.Debug|Mixed Platforms.Build.0 = Debug|Any CPU
		{8E6ED25B-7A28-4634-9112-84B38902D3CB}.Debug|x86.ActiveCfg = Debug|Any CPU
		{8E6ED25B-7A28-4634-9112-84B38902D3CB}.Release|Any CPU.ActiveCfg = Release|Any CPU
		{8E6ED25B-7A28-4634-9112-84B38902D3CB}.Release|Any CPU.Build.0 = Release|Any CPU
		{8E6ED25B-7A28-4634-9112-84B38902D3CB}.Release|Mixed Platforms.ActiveCfg = Release|Any CPU
		{8E6ED25B-7A28-4634-9112-84B38902D3CB}.Release|Mixed Platforms.Build.0 = Release|Any CPU
		{8E6ED25B-7A28-4634-9112-84B38902D3CB}.Release|x86.ActiveCfg = Release|Any CPU
		{75C78DE8-0B63-44E2-BA29-282A936B8B86}.Debug|Any CPU.ActiveCfg = Debug|x86
		{75C78DE8-0B63-44E2-BA29-282A936B8B86}.Debug|Mixed Platforms.ActiveCfg = Debug|x86
		{75C78DE8-0B63-44E2-BA29-282A936B8B86}.Debug|Mixed Platforms.Build.0 = Debug|x86
		{75C78DE8-0B63-44E2-BA29-282A936B8B86}.Debug|x86.ActiveCfg = Debug|x86
		{75C78DE8-0B63-44E2-BA29-282A936B8B86}.Debug|x86.Build.0 = Debug|x86
		{75C78DE8-0B63-44E2-BA29-282A936B8B86}.Release|Any CPU.ActiveCfg = Release|x86
		{75C78DE8-0B63-44E2-BA29-282A936B8B86}.Release|Mixed Platforms.ActiveCfg = Release|x86
		{75C78DE8-0B63-44E2-BA29-282A936B8B86}.Release|Mixed Platforms.Build.0 = Release|x86
		{75C78DE8-0B63-44E2-BA29-282A936B8B86}.Release|x86.ActiveCfg = Release|x86
		{75C78DE8-0B63-44E2-BA29-282A936B8B86}.Release|x86.Build.0 = Release|x86
		{939BA8B9-62E2-439D-863A-BC4D7D4A119D}.Debug|Any CPU.ActiveCfg = Debug|Any CPU
		{939BA8B9-62E2-439D-863A-BC4D7D4A119D}.Debug|Any CPU.Build.0 = Debug|Any CPU
		{939BA8B9-62E2-439D-863A-BC4D7D4A119D}.Debug|Mixed Platforms.ActiveCfg = Debug|Any CPU
		{939BA8B9-62E2-439D-863A-BC4D7D4A119D}.Debug|Mixed Platforms.Build.0 = Debug|Any CPU
		{939BA8B9-62E2-439D-863A-BC4D7D4A119D}.Debug|x86.ActiveCfg = Debug|Any CPU
		{939BA8B9-62E2-439D-863A-BC4D7D4A119D}.Release|Any CPU.ActiveCfg = Release|Any CPU
		{939BA8B9-62E2-439D-863A-BC4D7D4A119D}.Release|Any CPU.Build.0 = Release|Any CPU
		{939BA8B9-62E2-439D-863A-BC4D7D4A119D}.Release|Mixed Platforms.ActiveCfg = Release|Any CPU
		{939BA8B9-62E2-439D-863A-BC4D7D4A119D}.Release|Mixed Platforms.Build.0 = Release|Any CPU
		{939BA8B9-62E2-439D-863A-BC4D7D4A119D}.Release|x86.ActiveCfg = Release|Any CPU
		{9F72F9CF-9618-4534-BD28-96722BD9993C}.Debug|Any CPU.ActiveCfg = Debug|Any CPU
		{9F72F9CF-9618-4534-BD28-96722BD9993C}.Debug|Any CPU.Build.0 = Debug|Any CPU
		{9F72F9CF-9618-4534-BD28-96722BD9993C}.Debug|Mixed Platforms.ActiveCfg = Debug|Any CPU
		{9F72F9CF-9618-4534-BD28-96722BD9993C}.Debug|Mixed Platforms.Build.0 = Debug|Any CPU
		{9F72F9CF-9618-4534-BD28-96722BD9993C}.Debug|x86.ActiveCfg = Debug|Any CPU
		{9F72F9CF-9618-4534-BD28-96722BD9993C}.Release|Any CPU.ActiveCfg = Release|Any CPU
		{9F72F9CF-9618-4534-BD28-96722BD9993C}.Release|Any CPU.Build.0 = Release|Any CPU
		{9F72F9CF-9618-4534-BD28-96722BD9993C}.Release|Mixed Platforms.ActiveCfg = Release|Any CPU
		{9F72F9CF-9618-4534-BD28-96722BD9993C}.Release|Mixed Platforms.Build.0 = Release|Any CPU
		{9F72F9CF-9618-4534-BD28-96722BD9993C}.Release|x86.ActiveCfg = Release|Any CPU
	EndGlobalSection
	GlobalSection(SolutionProperties) = preSolution
		HideSolutionNode = FALSE
	EndGlobalSection
	GlobalSection(NestedProjects) = preSolution
		{8E6ED25B-7A28-4634-9112-84B38902D3CB} = {2882447B-037B-4C48-B78B-0B668AB67922}
		{ACABDD54-D05E-4A96-A1D9-DFCAFCE97061} = {2882447B-037B-4C48-B78B-0B668AB67922}
	EndGlobalSection
EndGlobal
