
Microsoft Visual Studio Solution File, Format Version 12.00
# Visual Studio 2012
Project("{2150E333-8FDC-42A3-9474-1A3956D46DE8}") = "Testes", "Testes", "{2882447B-037B-4C48-B78B-0B668AB67922}"
EndProject
Project("{2150E333-8FDC-42A3-9474-1A3956D46DE8}") = "Solution Items", "Solution Items", "{ACABDD54-D05E-4A96-A1D9-DFCAFCE97061}"
	ProjectSection(SolutionItems) = preProject
		ImpactaCSharp2.vsmdi = ImpactaCSharp2.vsmdi
		Local.testsettings = Local.testsettings
		TraceAndTestImpact.testsettings = TraceAndTestImpact.testsettings
	EndProjectSection
EndProject
Project("{2150E333-8FDC-42A3-9474-1A3956D46DE8}") = "Ui", "Ui", "{B1BCBA21-2D9A-4D0B-BF44-88795A04ACCE}"
EndProject
Project("{FAE04EC0-301F-11D3-BF4B-00C04F79EFBC}") = "CSharp2.Capitulo02.Clientes", "CSharp2.Capitulo02.Clientes\CSharp2.Capitulo02.Clientes.csproj", "{F51C248C-09F8-429E-AA44-13EA0D6D209A}"
EndProject
Project("{FAE04EC0-301F-11D3-BF4B-00C04F79EFBC}") = "Impacta.Repositorios.SqlServer.Proc", "Impacta.Infra.Repositorios.SqlServer\Impacta.Repositorios.SqlServer.Proc.csproj", "{B7DECE22-0584-477A-8BD5-5324C2CE1DD8}"
EndProject
Project("{FAE04EC0-301F-11D3-BF4B-00C04F79EFBC}") = "Impacta.Dominio", "Impacta.Dominio\Impacta.Dominio.csproj", "{CA5C0D85-79CC-47CA-9D34-3C7722D983EF}"
EndProject
Project("{FAE04EC0-301F-11D3-BF4B-00C04F79EFBC}") = "CSharp2.Capitulo03.Oficina", "CSharp2.Capitulo03.Oficina\CSharp2.Capitulo03.Oficina.csproj", "{75C78DE8-0B63-44E2-BA29-282A936B8B86}"
EndProject
Project("{FAE04EC0-301F-11D3-BF4B-00C04F79EFBC}") = "Impacta.Apoio.WindowsForms.Controles", "Impacta.WindowsForms.UserControls\Impacta.Apoio.WindowsForms.Controles.csproj", "{939BA8B9-62E2-439D-863A-BC4D7D4A119D}"
EndProject
Project("{FAE04EC0-301F-11D3-BF4B-00C04F79EFBC}") = "Impacta.Dominio.Testes", "Impacta.Dominio.Testes\Impacta.Dominio.Testes.csproj", "{9F72F9CF-9618-4534-BD28-96722BD9993C}"
EndProject
Project("{FAE04EC0-301F-11D3-BF4B-00C04F79EFBC}") = "Impacta.Aplicacao", "Impacta.Aplicacao\Impacta.Aplicacao.csproj", "{6706BF76-0359-402E-AD04-E66EBF19ED7C}"
EndProject
Project("{FAE04EC0-301F-11D3-BF4B-00C04F79EFBC}") = "Impacta.Repositorios.SqlServer.Proc.Tests", "Impacta.Repositorios.SqlServer.Proc.Tests\Impacta.Repositorios.SqlServer.Proc.Tests.csproj", "{75A26BFD-A251-41BD-A276-124A7F115F25}"
EndProject
Project("{FAE04EC0-301F-11D3-BF4B-00C04F79EFBC}") = "Impacta.Repositorios.Ef.Designer", "Impacta.Repositorios.Ef.Designer\Impacta.Repositorios.Ef.Designer.csproj", "{F5C82A1F-849D-481F-AD36-4DA72462D73E}"
EndProject
Project("{FAE04EC0-301F-11D3-BF4B-00C04F79EFBC}") = "Impacta.Repositorios.Ef.Designer.Testes", "Impacta.Repositorios.Ef.Designer.Testes\Impacta.Repositorios.Ef.Designer.Testes.csproj", "{245054A9-DDB9-4660-9B39-892FB81AF5C7}"
EndProject
Project("{FAE04EC0-301F-11D3-BF4B-00C04F79EFBC}") = "Impacta.Repositorios.Ef.CodeFirst", "Impacta.Repositorios.Ef.CodeFirst\Impacta.Repositorios.Ef.CodeFirst.csproj", "{001192A0-757B-4D28-9111-42ABE10BB205}"
EndProject
Project("{FAE04EC0-301F-11D3-BF4B-00C04F79EFBC}") = "Impacta.Repositorios.Ef.CodeFirst.Tests", "Impacta.Repositorios.Ef.CodeFirst.Tests\Impacta.Repositorios.Ef.CodeFirst.Tests.csproj", "{B5B05F34-ED0B-472B-B324-8BAF6076CE40}"
EndProject
Project("{FAE04EC0-301F-11D3-BF4B-00C04F79EFBC}") = "Impacta.Infra.Apoio.Tests", "Impacta.Infra.Apoio.Tests\Impacta.Infra.Apoio.Tests.csproj", "{C8733029-DCAA-4832-9B97-D2C5C41D4F5A}"
EndProject
Project("{FAE04EC0-301F-11D3-BF4B-00C04F79EFBC}") = "CSharp2.Capitulo10.Wpf", "CSharp2.Capitulo10.Wpf\CSharp2.Capitulo10.Wpf.csproj", "{B21BAEEC-A152-4D73-828E-1153960921F4}"
EndProject
Project("{FAE04EC0-301F-11D3-BF4B-00C04F79EFBC}") = "CSharp2.Capitulo02.Produtos", "CSharp2.Capitulo02.Produtos\CSharp2.Capitulo02.Produtos.csproj", "{1C551CA1-A76B-422A-AF45-A6885DAD57A8}"
EndProject
Project("{FAE04EC0-301F-11D3-BF4B-00C04F79EFBC}") = "Impacta.Apoio", "Impacta.Apoio\Impacta.Apoio.csproj", "{FD6F45C4-9958-4EDE-A068-BE52DBDC1DB8}"
EndProject
Project("{FAE04EC0-301F-11D3-BF4B-00C04F79EFBC}") = "Impacta.DominioTests", "Impacta.DominioTests\Impacta.DominioTests.csproj", "{62F5CA2B-779F-4238-9B85-22849097C44A}"
EndProject
Global
	GlobalSection(TeamFoundationVersionControl) = preSolution
		SccNumberOfProjects = 18
		SccEnterpriseProvider = {4CA58AB2-18FA-4F8D-95D4-32DDF27D184C}
		SccTeamFoundationServer = https://tfs.codeplex.com/tfs/tfs24
		SccLocalPath0 = .
		SccProjectUniqueName1 = CSharp2.Capitulo02.Clientes\\CSharp2.Capitulo02.Clientes.csproj
		SccProjectTopLevelParentUniqueName1 = ImpactaCSharp2.sln
		SccProjectName1 = CSharp2.Capitulo02.Clientes
		SccLocalPath1 = CSharp2.Capitulo02.Clientes
		SccProjectUniqueName2 = Impacta.Dominio\\Impacta.Dominio.csproj
		SccProjectName2 = Impacta.Dominio
		SccLocalPath2 = Impacta.Dominio
		SccProjectUniqueName3 = CSharp2.Capitulo03.Oficina\\CSharp2.Capitulo03.Oficina.csproj
		SccProjectTopLevelParentUniqueName3 = ImpactaCSharp2.sln
		SccProjectName3 = CSharp2.Capitulo03.Oficina
		SccLocalPath3 = CSharp2.Capitulo03.Oficina
		SccProjectUniqueName4 = Impacta.WindowsForms.UserControls\\Impacta.Apoio.WindowsForms.Controles.csproj
		SccProjectTopLevelParentUniqueName4 = ImpactaCSharp2.sln
		SccProjectName4 = Impacta.WindowsForms.UserControls
		SccLocalPath4 = Impacta.WindowsForms.UserControls
		SccProjectUniqueName5 = Impacta.Dominio.Testes\\Impacta.Dominio.Testes.csproj
		SccProjectTopLevelParentUniqueName5 = ImpactaCSharp2.sln
		SccProjectName5 = Impacta.Dominio.Testes
		SccLocalPath5 = Impacta.Dominio.Testes
		SccProjectUniqueName6 = Impacta.Aplicacao\\Impacta.Aplicacao.csproj
		SccProjectName6 = Impacta.Aplicacao
		SccLocalPath6 = Impacta.Aplicacao
		SccProjectUniqueName7 = Impacta.Infra.Repositorios.SqlServer\\Impacta.Repositorios.SqlServer.Proc.csproj
		SccProjectName7 = Impacta.Infra.Repositorios.SqlServer
		SccLocalPath7 = Impacta.Infra.Repositorios.SqlServer
		SccProjectUniqueName8 = Impacta.Repositorios.SqlServer.Proc.Tests\\Impacta.Repositorios.SqlServer.Proc.Tests.csproj
		SccProjectTopLevelParentUniqueName8 = ImpactaCSharp2.sln
		SccProjectName8 = Impacta.Repositorios.SqlServer.Proc.Tests
		SccLocalPath8 = Impacta.Repositorios.SqlServer.Proc.Tests
		SccProjectUniqueName9 = Impacta.Repositorios.Ef.Designer\\Impacta.Repositorios.Ef.Designer.csproj
		SccProjectName9 = Impacta.Repositorios.Ef.Designer
		SccLocalPath9 = Impacta.Repositorios.Ef.Designer
		SccProjectUniqueName10 = Impacta.Repositorios.Ef.Designer.Testes\\Impacta.Repositorios.Ef.Designer.Testes.csproj
		SccProjectTopLevelParentUniqueName10 = ImpactaCSharp2.sln
		SccProjectName10 = Impacta.Repositorios.Ef.Designer.Testes
		SccLocalPath10 = Impacta.Repositorios.Ef.Designer.Testes
		SccProjectUniqueName11 = Impacta.Repositorios.Ef.CodeFirst\\Impacta.Repositorios.Ef.CodeFirst.csproj
		SccProjectName11 = Impacta.Repositorios.Ef.CodeFirst
		SccLocalPath11 = Impacta.Repositorios.Ef.CodeFirst
		SccProjectUniqueName12 = Impacta.Repositorios.Ef.CodeFirst.Tests\\Impacta.Repositorios.Ef.CodeFirst.Tests.csproj
		SccProjectTopLevelParentUniqueName12 = ImpactaCSharp2.sln
		SccProjectName12 = Impacta.Repositorios.Ef.CodeFirst.Tests
		SccLocalPath12 = Impacta.Repositorios.Ef.CodeFirst.Tests
		SccProjectUniqueName13 = Impacta.Infra.Apoio.Tests\\Impacta.Infra.Apoio.Tests.csproj
		SccProjectTopLevelParentUniqueName13 = ImpactaCSharp2.sln
		SccProjectName13 = Impacta.Infra.Apoio.Tests
		SccLocalPath13 = Impacta.Infra.Apoio.Tests
		SccProjectUniqueName14 = CSharp2.Capitulo10.Wpf\\CSharp2.Capitulo10.Wpf.csproj
		SccProjectTopLevelParentUniqueName14 = ImpactaCSharp2.sln
		SccProjectName14 = CSharp2.Capitulo10.Wpf
		SccLocalPath14 = CSharp2.Capitulo10.Wpf
		SccProjectUniqueName15 = CSharp2.Capitulo02.Produtos\\CSharp2.Capitulo02.Produtos.csproj
		SccProjectTopLevelParentUniqueName15 = ImpactaCSharp2.sln
		SccProjectName15 = CSharp2.Capitulo02.Produtos
		SccLocalPath15 = CSharp2.Capitulo02.Produtos
		SccProjectUniqueName16 = Impacta.Apoio\\Impacta.Apoio.csproj
		SccProjectName16 = Impacta.Apoio
		SccLocalPath16 = Impacta.Apoio
		SccProjectUniqueName17 = Impacta.DominioTests\\Impacta.DominioTests.csproj
		SccProjectTopLevelParentUniqueName17 = ImpactaCSharp2.sln
		SccProjectName17 = Impacta.DominioTests
		SccLocalPath17 = Impacta.DominioTests
	EndGlobalSection
	GlobalSection(TestCaseManagementSettings) = postSolution
		CategoryFile = ImpactaCSharp2.vsmdi
	EndGlobalSection
	GlobalSection(SolutionConfigurationPlatforms) = preSolution
		Debug|Any CPU = Debug|Any CPU
		Debug|Mixed Platforms = Debug|Mixed Platforms
		Debug|x86 = Debug|x86
		Release|Any CPU = Release|Any CPU
		Release|Mixed Platforms = Release|Mixed Platforms
		Release|x86 = Release|x86
	EndGlobalSection
	GlobalSection(ProjectConfigurationPlatforms) = postSolution
		{F51C248C-09F8-429E-AA44-13EA0D6D209A}.Debug|Any CPU.ActiveCfg = Debug|x86
		{F51C248C-09F8-429E-AA44-13EA0D6D209A}.Debug|Mixed Platforms.ActiveCfg = Debug|x86
		{F51C248C-09F8-429E-AA44-13EA0D6D209A}.Debug|Mixed Platforms.Build.0 = Debug|x86
		{F51C248C-09F8-429E-AA44-13EA0D6D209A}.Debug|x86.ActiveCfg = Debug|x86
		{F51C248C-09F8-429E-AA44-13EA0D6D209A}.Debug|x86.Build.0 = Debug|x86
		{F51C248C-09F8-429E-AA44-13EA0D6D209A}.Release|Any CPU.ActiveCfg = Release|x86
		{F51C248C-09F8-429E-AA44-13EA0D6D209A}.Release|Mixed Platforms.ActiveCfg = Release|x86
		{F51C248C-09F8-429E-AA44-13EA0D6D209A}.Release|Mixed Platforms.Build.0 = Release|x86
		{F51C248C-09F8-429E-AA44-13EA0D6D209A}.Release|x86.ActiveCfg = Release|x86
		{F51C248C-09F8-429E-AA44-13EA0D6D209A}.Release|x86.Build.0 = Release|x86
		{B7DECE22-0584-477A-8BD5-5324C2CE1DD8}.Debug|Any CPU.ActiveCfg = Debug|Any CPU
		{B7DECE22-0584-477A-8BD5-5324C2CE1DD8}.Debug|Any CPU.Build.0 = Debug|Any CPU
		{B7DECE22-0584-477A-8BD5-5324C2CE1DD8}.Debug|Mixed Platforms.ActiveCfg = Debug|Any CPU
		{B7DECE22-0584-477A-8BD5-5324C2CE1DD8}.Debug|Mixed Platforms.Build.0 = Debug|Any CPU
		{B7DECE22-0584-477A-8BD5-5324C2CE1DD8}.Debug|x86.ActiveCfg = Debug|Any CPU
		{B7DECE22-0584-477A-8BD5-5324C2CE1DD8}.Release|Any CPU.ActiveCfg = Release|Any CPU
		{B7DECE22-0584-477A-8BD5-5324C2CE1DD8}.Release|Any CPU.Build.0 = Release|Any CPU
		{B7DECE22-0584-477A-8BD5-5324C2CE1DD8}.Release|Mixed Platforms.ActiveCfg = Release|Any CPU
		{B7DECE22-0584-477A-8BD5-5324C2CE1DD8}.Release|Mixed Platforms.Build.0 = Release|Any CPU
		{B7DECE22-0584-477A-8BD5-5324C2CE1DD8}.Release|x86.ActiveCfg = Release|Any CPU
		{CA5C0D85-79CC-47CA-9D34-3C7722D983EF}.Debug|Any CPU.ActiveCfg = Debug|Any CPU
		{CA5C0D85-79CC-47CA-9D34-3C7722D983EF}.Debug|Any CPU.Build.0 = Debug|Any CPU
		{CA5C0D85-79CC-47CA-9D34-3C7722D983EF}.Debug|Mixed Platforms.ActiveCfg = Debug|Any CPU
		{CA5C0D85-79CC-47CA-9D34-3C7722D983EF}.Debug|Mixed Platforms.Build.0 = Debug|Any CPU
		{CA5C0D85-79CC-47CA-9D34-3C7722D983EF}.Debug|x86.ActiveCfg = Debug|Any CPU
		{CA5C0D85-79CC-47CA-9D34-3C7722D983EF}.Release|Any CPU.ActiveCfg = Release|Any CPU
		{CA5C0D85-79CC-47CA-9D34-3C7722D983EF}.Release|Any CPU.Build.0 = Release|Any CPU
		{CA5C0D85-79CC-47CA-9D34-3C7722D983EF}.Release|Mixed Platforms.ActiveCfg = Release|Any CPU
		{CA5C0D85-79CC-47CA-9D34-3C7722D983EF}.Release|Mixed Platforms.Build.0 = Release|Any CPU
		{CA5C0D85-79CC-47CA-9D34-3C7722D983EF}.Release|x86.ActiveCfg = Release|Any CPU
		{75C78DE8-0B63-44E2-BA29-282A936B8B86}.Debug|Any CPU.ActiveCfg = Debug|x86
		{75C78DE8-0B63-44E2-BA29-282A936B8B86}.Debug|Mixed Platforms.ActiveCfg = Debug|x86
		{75C78DE8-0B63-44E2-BA29-282A936B8B86}.Debug|Mixed Platforms.Build.0 = Debug|x86
		{75C78DE8-0B63-44E2-BA29-282A936B8B86}.Debug|x86.ActiveCfg = Debug|x86
		{75C78DE8-0B63-44E2-BA29-282A936B8B86}.Debug|x86.Build.0 = Debug|x86
		{75C78DE8-0B63-44E2-BA29-282A936B8B86}.Release|Any CPU.ActiveCfg = Release|x86
		{75C78DE8-0B63-44E2-BA29-282A936B8B86}.Release|Mixed Platforms.ActiveCfg = Release|x86
		{75C78DE8-0B63-44E2-BA29-282A936B8B86}.Release|Mixed Platforms.Build.0 = Release|x86
		{75C78DE8-0B63-44E2-BA29-282A936B8B86}.Release|x86.ActiveCfg = Release|x86
		{75C78DE8-0B63-44E2-BA29-282A936B8B86}.Release|x86.Build.0 = Release|x86
		{939BA8B9-62E2-439D-863A-BC4D7D4A119D}.Debug|Any CPU.ActiveCfg = Debug|Any CPU
		{939BA8B9-62E2-439D-863A-BC4D7D4A119D}.Debug|Any CPU.Build.0 = Debug|Any CPU
		{939BA8B9-62E2-439D-863A-BC4D7D4A119D}.Debug|Mixed Platforms.ActiveCfg = Debug|Any CPU
		{939BA8B9-62E2-439D-863A-BC4D7D4A119D}.Debug|Mixed Platforms.Build.0 = Debug|Any CPU
		{939BA8B9-62E2-439D-863A-BC4D7D4A119D}.Debug|x86.ActiveCfg = Debug|Any CPU
		{939BA8B9-62E2-439D-863A-BC4D7D4A119D}.Release|Any CPU.ActiveCfg = Release|Any CPU
		{939BA8B9-62E2-439D-863A-BC4D7D4A119D}.Release|Any CPU.Build.0 = Release|Any CPU
		{939BA8B9-62E2-439D-863A-BC4D7D4A119D}.Release|Mixed Platforms.ActiveCfg = Release|Any CPU
		{939BA8B9-62E2-439D-863A-BC4D7D4A119D}.Release|Mixed Platforms.Build.0 = Release|Any CPU
		{939BA8B9-62E2-439D-863A-BC4D7D4A119D}.Release|x86.ActiveCfg = Release|Any CPU
		{9F72F9CF-9618-4534-BD28-96722BD9993C}.Debug|Any CPU.ActiveCfg = Debug|Any CPU
		{9F72F9CF-9618-4534-BD28-96722BD9993C}.Debug|Any CPU.Build.0 = Debug|Any CPU
		{9F72F9CF-9618-4534-BD28-96722BD9993C}.Debug|Mixed Platforms.ActiveCfg = Debug|Any CPU
		{9F72F9CF-9618-4534-BD28-96722BD9993C}.Debug|Mixed Platforms.Build.0 = Debug|Any CPU
		{9F72F9CF-9618-4534-BD28-96722BD9993C}.Debug|x86.ActiveCfg = Debug|Any CPU
		{9F72F9CF-9618-4534-BD28-96722BD9993C}.Release|Any CPU.ActiveCfg = Release|Any CPU
		{9F72F9CF-9618-4534-BD28-96722BD9993C}.Release|Any CPU.Build.0 = Release|Any CPU
		{9F72F9CF-9618-4534-BD28-96722BD9993C}.Release|Mixed Platforms.ActiveCfg = Release|Any CPU
		{9F72F9CF-9618-4534-BD28-96722BD9993C}.Release|Mixed Platforms.Build.0 = Release|Any CPU
		{9F72F9CF-9618-4534-BD28-96722BD9993C}.Release|x86.ActiveCfg = Release|Any CPU
		{6706BF76-0359-402E-AD04-E66EBF19ED7C}.Debug|Any CPU.ActiveCfg = Debug|Any CPU
		{6706BF76-0359-402E-AD04-E66EBF19ED7C}.Debug|Any CPU.Build.0 = Debug|Any CPU
		{6706BF76-0359-402E-AD04-E66EBF19ED7C}.Debug|Mixed Platforms.ActiveCfg = Debug|Any CPU
		{6706BF76-0359-402E-AD04-E66EBF19ED7C}.Debug|Mixed Platforms.Build.0 = Debug|Any CPU
		{6706BF76-0359-402E-AD04-E66EBF19ED7C}.Debug|x86.ActiveCfg = Debug|Any CPU
		{6706BF76-0359-402E-AD04-E66EBF19ED7C}.Release|Any CPU.ActiveCfg = Release|Any CPU
		{6706BF76-0359-402E-AD04-E66EBF19ED7C}.Release|Any CPU.Build.0 = Release|Any CPU
		{6706BF76-0359-402E-AD04-E66EBF19ED7C}.Release|Mixed Platforms.ActiveCfg = Release|Any CPU
		{6706BF76-0359-402E-AD04-E66EBF19ED7C}.Release|Mixed Platforms.Build.0 = Release|Any CPU
		{6706BF76-0359-402E-AD04-E66EBF19ED7C}.Release|x86.ActiveCfg = Release|Any CPU
		{75A26BFD-A251-41BD-A276-124A7F115F25}.Debug|Any CPU.ActiveCfg = Debug|Any CPU
		{75A26BFD-A251-41BD-A276-124A7F115F25}.Debug|Any CPU.Build.0 = Debug|Any CPU
		{75A26BFD-A251-41BD-A276-124A7F115F25}.Debug|Mixed Platforms.ActiveCfg = Debug|Any CPU
		{75A26BFD-A251-41BD-A276-124A7F115F25}.Debug|Mixed Platforms.Build.0 = Debug|Any CPU
		{75A26BFD-A251-41BD-A276-124A7F115F25}.Debug|x86.ActiveCfg = Debug|Any CPU
		{75A26BFD-A251-41BD-A276-124A7F115F25}.Release|Any CPU.ActiveCfg = Release|Any CPU
		{75A26BFD-A251-41BD-A276-124A7F115F25}.Release|Any CPU.Build.0 = Release|Any CPU
		{75A26BFD-A251-41BD-A276-124A7F115F25}.Release|Mixed Platforms.ActiveCfg = Release|Any CPU
		{75A26BFD-A251-41BD-A276-124A7F115F25}.Release|Mixed Platforms.Build.0 = Release|Any CPU
		{75A26BFD-A251-41BD-A276-124A7F115F25}.Release|x86.ActiveCfg = Release|Any CPU
		{F5C82A1F-849D-481F-AD36-4DA72462D73E}.Debug|Any CPU.ActiveCfg = Debug|Any CPU
		{F5C82A1F-849D-481F-AD36-4DA72462D73E}.Debug|Any CPU.Build.0 = Debug|Any CPU
		{F5C82A1F-849D-481F-AD36-4DA72462D73E}.Debug|Mixed Platforms.ActiveCfg = Debug|Any CPU
		{F5C82A1F-849D-481F-AD36-4DA72462D73E}.Debug|Mixed Platforms.Build.0 = Debug|Any CPU
		{F5C82A1F-849D-481F-AD36-4DA72462D73E}.Debug|x86.ActiveCfg = Debug|Any CPU
		{F5C82A1F-849D-481F-AD36-4DA72462D73E}.Release|Any CPU.ActiveCfg = Release|Any CPU
		{F5C82A1F-849D-481F-AD36-4DA72462D73E}.Release|Any CPU.Build.0 = Release|Any CPU
		{F5C82A1F-849D-481F-AD36-4DA72462D73E}.Release|Mixed Platforms.ActiveCfg = Release|Any CPU
		{F5C82A1F-849D-481F-AD36-4DA72462D73E}.Release|Mixed Platforms.Build.0 = Release|Any CPU
		{F5C82A1F-849D-481F-AD36-4DA72462D73E}.Release|x86.ActiveCfg = Release|Any CPU
		{245054A9-DDB9-4660-9B39-892FB81AF5C7}.Debug|Any CPU.ActiveCfg = Debug|Any CPU
		{245054A9-DDB9-4660-9B39-892FB81AF5C7}.Debug|Any CPU.Build.0 = Debug|Any CPU
		{245054A9-DDB9-4660-9B39-892FB81AF5C7}.Debug|Mixed Platforms.ActiveCfg = Debug|Any CPU
		{245054A9-DDB9-4660-9B39-892FB81AF5C7}.Debug|Mixed Platforms.Build.0 = Debug|Any CPU
		{245054A9-DDB9-4660-9B39-892FB81AF5C7}.Debug|x86.ActiveCfg = Debug|Any CPU
		{245054A9-DDB9-4660-9B39-892FB81AF5C7}.Release|Any CPU.ActiveCfg = Release|Any CPU
		{245054A9-DDB9-4660-9B39-892FB81AF5C7}.Release|Any CPU.Build.0 = Release|Any CPU
		{245054A9-DDB9-4660-9B39-892FB81AF5C7}.Release|Mixed Platforms.ActiveCfg = Release|Any CPU
		{245054A9-DDB9-4660-9B39-892FB81AF5C7}.Release|Mixed Platforms.Build.0 = Release|Any CPU
		{245054A9-DDB9-4660-9B39-892FB81AF5C7}.Release|x86.ActiveCfg = Release|Any CPU
		{001192A0-757B-4D28-9111-42ABE10BB205}.Debug|Any CPU.ActiveCfg = Debug|Any CPU
		{001192A0-757B-4D28-9111-42ABE10BB205}.Debug|Any CPU.Build.0 = Debug|Any CPU
		{001192A0-757B-4D28-9111-42ABE10BB205}.Debug|Mixed Platforms.ActiveCfg = Debug|Any CPU
		{001192A0-757B-4D28-9111-42ABE10BB205}.Debug|Mixed Platforms.Build.0 = Debug|Any CPU
		{001192A0-757B-4D28-9111-42ABE10BB205}.Debug|x86.ActiveCfg = Debug|Any CPU
		{001192A0-757B-4D28-9111-42ABE10BB205}.Release|Any CPU.ActiveCfg = Release|Any CPU
		{001192A0-757B-4D28-9111-42ABE10BB205}.Release|Any CPU.Build.0 = Release|Any CPU
		{001192A0-757B-4D28-9111-42ABE10BB205}.Release|Mixed Platforms.ActiveCfg = Release|Any CPU
		{001192A0-757B-4D28-9111-42ABE10BB205}.Release|Mixed Platforms.Build.0 = Release|Any CPU
		{001192A0-757B-4D28-9111-42ABE10BB205}.Release|x86.ActiveCfg = Release|Any CPU
		{B5B05F34-ED0B-472B-B324-8BAF6076CE40}.Debug|Any CPU.ActiveCfg = Debug|Any CPU
		{B5B05F34-ED0B-472B-B324-8BAF6076CE40}.Debug|Any CPU.Build.0 = Debug|Any CPU
		{B5B05F34-ED0B-472B-B324-8BAF6076CE40}.Debug|Mixed Platforms.ActiveCfg = Debug|Any CPU
		{B5B05F34-ED0B-472B-B324-8BAF6076CE40}.Debug|Mixed Platforms.Build.0 = Debug|Any CPU
		{B5B05F34-ED0B-472B-B324-8BAF6076CE40}.Debug|x86.ActiveCfg = Debug|Any CPU
		{B5B05F34-ED0B-472B-B324-8BAF6076CE40}.Release|Any CPU.ActiveCfg = Release|Any CPU
		{B5B05F34-ED0B-472B-B324-8BAF6076CE40}.Release|Any CPU.Build.0 = Release|Any CPU
		{B5B05F34-ED0B-472B-B324-8BAF6076CE40}.Release|Mixed Platforms.ActiveCfg = Release|Any CPU
		{B5B05F34-ED0B-472B-B324-8BAF6076CE40}.Release|Mixed Platforms.Build.0 = Release|Any CPU
		{B5B05F34-ED0B-472B-B324-8BAF6076CE40}.Release|x86.ActiveCfg = Release|Any CPU
		{C8733029-DCAA-4832-9B97-D2C5C41D4F5A}.Debug|Any CPU.ActiveCfg = Debug|Any CPU
		{C8733029-DCAA-4832-9B97-D2C5C41D4F5A}.Debug|Any CPU.Build.0 = Debug|Any CPU
		{C8733029-DCAA-4832-9B97-D2C5C41D4F5A}.Debug|Mixed Platforms.ActiveCfg = Debug|Any CPU
		{C8733029-DCAA-4832-9B97-D2C5C41D4F5A}.Debug|Mixed Platforms.Build.0 = Debug|Any CPU
		{C8733029-DCAA-4832-9B97-D2C5C41D4F5A}.Debug|x86.ActiveCfg = Debug|Any CPU
		{C8733029-DCAA-4832-9B97-D2C5C41D4F5A}.Release|Any CPU.ActiveCfg = Release|Any CPU
		{C8733029-DCAA-4832-9B97-D2C5C41D4F5A}.Release|Any CPU.Build.0 = Release|Any CPU
		{C8733029-DCAA-4832-9B97-D2C5C41D4F5A}.Release|Mixed Platforms.ActiveCfg = Release|Any CPU
		{C8733029-DCAA-4832-9B97-D2C5C41D4F5A}.Release|Mixed Platforms.Build.0 = Release|Any CPU
		{C8733029-DCAA-4832-9B97-D2C5C41D4F5A}.Release|x86.ActiveCfg = Release|Any CPU
		{B21BAEEC-A152-4D73-828E-1153960921F4}.Debug|Any CPU.ActiveCfg = Debug|Any CPU
		{B21BAEEC-A152-4D73-828E-1153960921F4}.Debug|Any CPU.Build.0 = Debug|Any CPU
		{B21BAEEC-A152-4D73-828E-1153960921F4}.Debug|Mixed Platforms.ActiveCfg = Debug|Any CPU
		{B21BAEEC-A152-4D73-828E-1153960921F4}.Debug|Mixed Platforms.Build.0 = Debug|Any CPU
		{B21BAEEC-A152-4D73-828E-1153960921F4}.Debug|x86.ActiveCfg = Debug|Any CPU
		{B21BAEEC-A152-4D73-828E-1153960921F4}.Release|Any CPU.ActiveCfg = Release|Any CPU
		{B21BAEEC-A152-4D73-828E-1153960921F4}.Release|Any CPU.Build.0 = Release|Any CPU
		{B21BAEEC-A152-4D73-828E-1153960921F4}.Release|Mixed Platforms.ActiveCfg = Release|Any CPU
		{B21BAEEC-A152-4D73-828E-1153960921F4}.Release|Mixed Platforms.Build.0 = Release|Any CPU
		{B21BAEEC-A152-4D73-828E-1153960921F4}.Release|x86.ActiveCfg = Release|Any CPU
		{1C551CA1-A76B-422A-AF45-A6885DAD57A8}.Debug|Any CPU.ActiveCfg = Debug|Any CPU
		{1C551CA1-A76B-422A-AF45-A6885DAD57A8}.Debug|Any CPU.Build.0 = Debug|Any CPU
		{1C551CA1-A76B-422A-AF45-A6885DAD57A8}.Debug|Mixed Platforms.ActiveCfg = Debug|Any CPU
		{1C551CA1-A76B-422A-AF45-A6885DAD57A8}.Debug|Mixed Platforms.Build.0 = Debug|Any CPU
		{1C551CA1-A76B-422A-AF45-A6885DAD57A8}.Debug|x86.ActiveCfg = Debug|Any CPU
		{1C551CA1-A76B-422A-AF45-A6885DAD57A8}.Release|Any CPU.ActiveCfg = Release|Any CPU
		{1C551CA1-A76B-422A-AF45-A6885DAD57A8}.Release|Any CPU.Build.0 = Release|Any CPU
		{1C551CA1-A76B-422A-AF45-A6885DAD57A8}.Release|Mixed Platforms.ActiveCfg = Release|Any CPU
		{1C551CA1-A76B-422A-AF45-A6885DAD57A8}.Release|Mixed Platforms.Build.0 = Release|Any CPU
		{1C551CA1-A76B-422A-AF45-A6885DAD57A8}.Release|x86.ActiveCfg = Release|Any CPU
		{FD6F45C4-9958-4EDE-A068-BE52DBDC1DB8}.Debug|Any CPU.ActiveCfg = Debug|Any CPU
		{FD6F45C4-9958-4EDE-A068-BE52DBDC1DB8}.Debug|Any CPU.Build.0 = Debug|Any CPU
		{FD6F45C4-9958-4EDE-A068-BE52DBDC1DB8}.Debug|Mixed Platforms.ActiveCfg = Debug|Any CPU
		{FD6F45C4-9958-4EDE-A068-BE52DBDC1DB8}.Debug|Mixed Platforms.Build.0 = Debug|Any CPU
		{FD6F45C4-9958-4EDE-A068-BE52DBDC1DB8}.Debug|x86.ActiveCfg = Debug|Any CPU
		{FD6F45C4-9958-4EDE-A068-BE52DBDC1DB8}.Release|Any CPU.ActiveCfg = Release|Any CPU
		{FD6F45C4-9958-4EDE-A068-BE52DBDC1DB8}.Release|Any CPU.Build.0 = Release|Any CPU
		{FD6F45C4-9958-4EDE-A068-BE52DBDC1DB8}.Release|Mixed Platforms.ActiveCfg = Release|Any CPU
		{FD6F45C4-9958-4EDE-A068-BE52DBDC1DB8}.Release|Mixed Platforms.Build.0 = Release|Any CPU
		{FD6F45C4-9958-4EDE-A068-BE52DBDC1DB8}.Release|x86.ActiveCfg = Release|Any CPU
		{62F5CA2B-779F-4238-9B85-22849097C44A}.Debug|Any CPU.ActiveCfg = Debug|Any CPU
		{62F5CA2B-779F-4238-9B85-22849097C44A}.Debug|Any CPU.Build.0 = Debug|Any CPU
		{62F5CA2B-779F-4238-9B85-22849097C44A}.Debug|Mixed Platforms.ActiveCfg = Debug|Any CPU
		{62F5CA2B-779F-4238-9B85-22849097C44A}.Debug|Mixed Platforms.Build.0 = Debug|Any CPU
		{62F5CA2B-779F-4238-9B85-22849097C44A}.Debug|x86.ActiveCfg = Debug|Any CPU
		{62F5CA2B-779F-4238-9B85-22849097C44A}.Release|Any CPU.ActiveCfg = Release|Any CPU
		{62F5CA2B-779F-4238-9B85-22849097C44A}.Release|Any CPU.Build.0 = Release|Any CPU
		{62F5CA2B-779F-4238-9B85-22849097C44A}.Release|Mixed Platforms.ActiveCfg = Release|Any CPU
		{62F5CA2B-779F-4238-9B85-22849097C44A}.Release|Mixed Platforms.Build.0 = Release|Any CPU
		{62F5CA2B-779F-4238-9B85-22849097C44A}.Release|x86.ActiveCfg = Release|Any CPU
	EndGlobalSection
	GlobalSection(SolutionProperties) = preSolution
		HideSolutionNode = FALSE
	EndGlobalSection
	GlobalSection(NestedProjects) = preSolution
		{ACABDD54-D05E-4A96-A1D9-DFCAFCE97061} = {2882447B-037B-4C48-B78B-0B668AB67922}
		{9F72F9CF-9618-4534-BD28-96722BD9993C} = {2882447B-037B-4C48-B78B-0B668AB67922}
		{75A26BFD-A251-41BD-A276-124A7F115F25} = {2882447B-037B-4C48-B78B-0B668AB67922}
		{245054A9-DDB9-4660-9B39-892FB81AF5C7} = {2882447B-037B-4C48-B78B-0B668AB67922}
		{B5B05F34-ED0B-472B-B324-8BAF6076CE40} = {2882447B-037B-4C48-B78B-0B668AB67922}
		{C8733029-DCAA-4832-9B97-D2C5C41D4F5A} = {2882447B-037B-4C48-B78B-0B668AB67922}
		{62F5CA2B-779F-4238-9B85-22849097C44A} = {2882447B-037B-4C48-B78B-0B668AB67922}
		{F51C248C-09F8-429E-AA44-13EA0D6D209A} = {B1BCBA21-2D9A-4D0B-BF44-88795A04ACCE}
		{75C78DE8-0B63-44E2-BA29-282A936B8B86} = {B1BCBA21-2D9A-4D0B-BF44-88795A04ACCE}
		{939BA8B9-62E2-439D-863A-BC4D7D4A119D} = {B1BCBA21-2D9A-4D0B-BF44-88795A04ACCE}
		{B21BAEEC-A152-4D73-828E-1153960921F4} = {B1BCBA21-2D9A-4D0B-BF44-88795A04ACCE}
		{1C551CA1-A76B-422A-AF45-A6885DAD57A8} = {B1BCBA21-2D9A-4D0B-BF44-88795A04ACCE}
	EndGlobalSection
EndGlobal
